
Microsoft Visual Studio Solution File, Format Version 12.00
# Visual Studio Version 17
VisualStudioVersion = 17.3.32901.215
MinimumVisualStudioVersion = 10.0.40219.1
Project("{FAE04EC0-301F-11D3-BF4B-00C04F79EFBC}") = "AskOlcer", "AskOlcer\AskOlcer.csproj", "{16389058-EE77-4EDB-BE25-54212BA30A2E}"
EndProject
Global
	GlobalSection(SolutionConfigurationPlatforms) = preSolution
		Debug|Any CPU = Debug|Any CPU
		Release|Any CPU = Release|Any CPU
	EndGlobalSection
	GlobalSection(ProjectConfigurationPlatforms) = postSolution
		{16389058-EE77-4EDB-BE25-54212BA30A2E}.Debug|Any CPU.ActiveCfg = Debug|Any CPU
		{16389058-EE77-4EDB-BE25-54212BA30A2E}.Debug|Any CPU.Build.0 = Debug|Any CPU
		{16389058-EE77-4EDB-BE25-54212BA30A2E}.Release|Any CPU.ActiveCfg = Release|Any CPU
		{16389058-EE77-4EDB-BE25-54212BA30A2E}.Release|Any CPU.Build.0 = Release|Any CPU
	EndGlobalSection
	GlobalSection(SolutionProperties) = preSolution
		HideSolutionNode = FALSE
	EndGlobalSection
	GlobalSection(ExtensibilityGlobals) = postSolution
		SolutionGuid = {7AE2B4D1-A98A-458A-8350-8634FAA7BDB9}
	EndGlobalSection
EndGlobal
